
Microsoft Visual Studio Solution File, Format Version 12.00
# Visual Studio 15
VisualStudioVersion = 15.0.28307.168
MinimumVisualStudioVersion = 10.0.40219.1
Project("{FAE04EC0-301F-11D3-BF4B-00C04F79EFBC}") = "PPECTool.Web", "PPECTool.Web\PPECTool.Web.csproj", "{DE01E103-269A-430E-950D-C19864B6863D}"
EndProject
Project("{FAE04EC0-301F-11D3-BF4B-00C04F79EFBC}") = "PPECTool.API", "PPECTool.API\PPECTool.API.csproj", "{2CB3DC70-8538-4C64-8193-FE59BE5EB989}"
EndProject
Project("{FAE04EC0-301F-11D3-BF4B-00C04F79EFBC}") = "PPECTool.Repository", "PPECTool.Repository\PPECTool.Repository.csproj", "{6875A1F1-0A1D-425C-9E02-93F712B4CCEF}"
EndProject
Project("{FAE04EC0-301F-11D3-BF4B-00C04F79EFBC}") = "PPECTool.Models", "PPECTool.Models\PPECTool.Models.csproj", "{E93942C7-3DA0-4AB9-A8EB-02C862196DC6}"
EndProject
Project("{FAE04EC0-301F-11D3-BF4B-00C04F79EFBC}") = "PPECTool.Common", "PPECTool.Common\PPECTool.Common.csproj", "{5C1DCF15-B099-466A-9A82-B44CF587D8B7}"
EndProject
Global
	GlobalSection(SolutionConfigurationPlatforms) = preSolution
		Debug|Any CPU = Debug|Any CPU
		Release|Any CPU = Release|Any CPU
	EndGlobalSection
	GlobalSection(ProjectConfigurationPlatforms) = postSolution
		{DE01E103-269A-430E-950D-C19864B6863D}.Debug|Any CPU.ActiveCfg = Debug|Any CPU
		{DE01E103-269A-430E-950D-C19864B6863D}.Debug|Any CPU.Build.0 = Debug|Any CPU
		{DE01E103-269A-430E-950D-C19864B6863D}.Release|Any CPU.ActiveCfg = Release|Any CPU
		{DE01E103-269A-430E-950D-C19864B6863D}.Release|Any CPU.Build.0 = Release|Any CPU
		{2CB3DC70-8538-4C64-8193-FE59BE5EB989}.Debug|Any CPU.ActiveCfg = Debug|Any CPU
		{2CB3DC70-8538-4C64-8193-FE59BE5EB989}.Debug|Any CPU.Build.0 = Debug|Any CPU
		{2CB3DC70-8538-4C64-8193-FE59BE5EB989}.Release|Any CPU.ActiveCfg = Release|Any CPU
		{2CB3DC70-8538-4C64-8193-FE59BE5EB989}.Release|Any CPU.Build.0 = Release|Any CPU
		{6875A1F1-0A1D-425C-9E02-93F712B4CCEF}.Debug|Any CPU.ActiveCfg = Debug|Any CPU
		{6875A1F1-0A1D-425C-9E02-93F712B4CCEF}.Debug|Any CPU.Build.0 = Debug|Any CPU
		{6875A1F1-0A1D-425C-9E02-93F712B4CCEF}.Release|Any CPU.ActiveCfg = Release|Any CPU
		{6875A1F1-0A1D-425C-9E02-93F712B4CCEF}.Release|Any CPU.Build.0 = Release|Any CPU
		{E93942C7-3DA0-4AB9-A8EB-02C862196DC6}.Debug|Any CPU.ActiveCfg = Debug|Any CPU
		{E93942C7-3DA0-4AB9-A8EB-02C862196DC6}.Debug|Any CPU.Build.0 = Debug|Any CPU
		{E93942C7-3DA0-4AB9-A8EB-02C862196DC6}.Release|Any CPU.ActiveCfg = Release|Any CPU
		{E93942C7-3DA0-4AB9-A8EB-02C862196DC6}.Release|Any CPU.Build.0 = Release|Any CPU
		{5C1DCF15-B099-466A-9A82-B44CF587D8B7}.Debug|Any CPU.ActiveCfg = Debug|Any CPU
		{5C1DCF15-B099-466A-9A82-B44CF587D8B7}.Debug|Any CPU.Build.0 = Debug|Any CPU
		{5C1DCF15-B099-466A-9A82-B44CF587D8B7}.Release|Any CPU.ActiveCfg = Release|Any CPU
		{5C1DCF15-B099-466A-9A82-B44CF587D8B7}.Release|Any CPU.Build.0 = Release|Any CPU
	EndGlobalSection
	GlobalSection(SolutionProperties) = preSolution
		HideSolutionNode = FALSE
	EndGlobalSection
	GlobalSection(ExtensibilityGlobals) = postSolution
		SolutionGuid = {945D7577-F6E5-456B-B522-47709FF7FA02}
	EndGlobalSection
EndGlobal
